
Microsoft Visual Studio Solution File, Format Version 12.00
# Visual Studio 15
VisualStudioVersion = 15.0.27130.2024
MinimumVisualStudioVersion = 10.0.40219.1
Project("{FAE04EC0-301F-11D3-BF4B-00C04F79EFBC}") = "MathsSiege.Server", "MathsSiege.Server\MathsSiege.Server.csproj", "{CADEF03A-3A76-4688-AC2A-A4CD549C8938}"
EndProject
Global
	GlobalSection(SolutionConfigurationPlatforms) = preSolution
		Debug|Any CPU = Debug|Any CPU
		Release|Any CPU = Release|Any CPU
	EndGlobalSection
	GlobalSection(ProjectConfigurationPlatforms) = postSolution
		{CADEF03A-3A76-4688-AC2A-A4CD549C8938}.Debug|Any CPU.ActiveCfg = Debug|Any CPU
		{CADEF03A-3A76-4688-AC2A-A4CD549C8938}.Debug|Any CPU.Build.0 = Debug|Any CPU
		{CADEF03A-3A76-4688-AC2A-A4CD549C8938}.Release|Any CPU.ActiveCfg = Release|Any CPU
		{CADEF03A-3A76-4688-AC2A-A4CD549C8938}.Release|Any CPU.Build.0 = Release|Any CPU
	EndGlobalSection
	GlobalSection(SolutionProperties) = preSolution
		HideSolutionNode = FALSE
	EndGlobalSection
	GlobalSection(ExtensibilityGlobals) = postSolution
		SolutionGuid = {FC3796D6-3E33-4A1B-81DD-72B61BF6E44F}
	EndGlobalSection
EndGlobal
