
Microsoft Visual Studio Solution File, Format Version 12.00
# Visual Studio 15
VisualStudioVersion = 15.0.27130.2026
MinimumVisualStudioVersion = 10.0.40219.1
Project("{9A19103F-16F7-4668-BE54-9A1E7A4F7556}") = "MathsSiege.Server", "MathsSiege.Server\MathsSiege.Server.csproj", "{CADEF03A-3A76-4688-AC2A-A4CD549C8938}"
EndProject
Project("{FAE04EC0-301F-11D3-BF4B-00C04F79EFBC}") = "MathsSiege.Models", "MathsSiege.Models\MathsSiege.Models.csproj", "{AE7119B0-536C-46B2-9425-C6751AE6EA9C}"
EndProject
Project("{FAE04EC0-301F-11D3-BF4B-00C04F79EFBC}") = "MathsSiege.Client", "MathsSiege.Client\MathsSiege.Client.csproj", "{9BFDCA4E-E5E9-48DB-BB76-0D9C12D27D62}"
EndProject
Project("{FAE04EC0-301F-11D3-BF4B-00C04F79EFBC}") = "MathsSiege.Client.Content.DataTypes", "MathsSiege.Client.Content.DataTypes\MathsSiege.Client.Content.DataTypes.csproj", "{CCEE37E9-8914-4238-94BA-6D1C327824DC}"
EndProject
Global
	GlobalSection(SolutionConfigurationPlatforms) = preSolution
		Debug|Any CPU = Debug|Any CPU
		Release|Any CPU = Release|Any CPU
	EndGlobalSection
	GlobalSection(ProjectConfigurationPlatforms) = postSolution
		{CADEF03A-3A76-4688-AC2A-A4CD549C8938}.Debug|Any CPU.ActiveCfg = Debug|Any CPU
		{CADEF03A-3A76-4688-AC2A-A4CD549C8938}.Debug|Any CPU.Build.0 = Debug|Any CPU
		{CADEF03A-3A76-4688-AC2A-A4CD549C8938}.Release|Any CPU.ActiveCfg = Release|Any CPU
		{CADEF03A-3A76-4688-AC2A-A4CD549C8938}.Release|Any CPU.Build.0 = Release|Any CPU
		{AE7119B0-536C-46B2-9425-C6751AE6EA9C}.Debug|Any CPU.ActiveCfg = Debug|Any CPU
		{AE7119B0-536C-46B2-9425-C6751AE6EA9C}.Debug|Any CPU.Build.0 = Debug|Any CPU
		{AE7119B0-536C-46B2-9425-C6751AE6EA9C}.Release|Any CPU.ActiveCfg = Release|Any CPU
		{AE7119B0-536C-46B2-9425-C6751AE6EA9C}.Release|Any CPU.Build.0 = Release|Any CPU
		{9BFDCA4E-E5E9-48DB-BB76-0D9C12D27D62}.Debug|Any CPU.ActiveCfg = Debug|Any CPU
		{9BFDCA4E-E5E9-48DB-BB76-0D9C12D27D62}.Debug|Any CPU.Build.0 = Debug|Any CPU
		{9BFDCA4E-E5E9-48DB-BB76-0D9C12D27D62}.Release|Any CPU.ActiveCfg = Release|Any CPU
		{9BFDCA4E-E5E9-48DB-BB76-0D9C12D27D62}.Release|Any CPU.Build.0 = Release|Any CPU
		{CCEE37E9-8914-4238-94BA-6D1C327824DC}.Debug|Any CPU.ActiveCfg = Debug|Any CPU
		{CCEE37E9-8914-4238-94BA-6D1C327824DC}.Debug|Any CPU.Build.0 = Debug|Any CPU
		{CCEE37E9-8914-4238-94BA-6D1C327824DC}.Release|Any CPU.ActiveCfg = Release|Any CPU
		{CCEE37E9-8914-4238-94BA-6D1C327824DC}.Release|Any CPU.Build.0 = Release|Any CPU
	EndGlobalSection
	GlobalSection(SolutionProperties) = preSolution
		HideSolutionNode = FALSE
	EndGlobalSection
	GlobalSection(ExtensibilityGlobals) = postSolution
		SolutionGuid = {FC3796D6-3E33-4A1B-81DD-72B61BF6E44F}
	EndGlobalSection
EndGlobal
